
Microsoft Visual Studio Solution File, Format Version 12.00
# Visual Studio Version 17
VisualStudioVersion = 17.9.34607.119
MinimumVisualStudioVersion = 10.0.40219.1
Project("{9A19103F-16F7-4668-BE54-9A1E7A4F7556}") = "MaLacoste Footwear", "MaLacoste Footwear\MaLacoste Footwear.csproj", "{7A6085F2-9327-4C1C-B480-049EEC511011}"
EndProject
Global
	GlobalSection(SolutionConfigurationPlatforms) = preSolution
		Debug|Any CPU = Debug|Any CPU
		Release|Any CPU = Release|Any CPU
	EndGlobalSection
	GlobalSection(ProjectConfigurationPlatforms) = postSolution
		{7A6085F2-9327-4C1C-B480-049EEC511011}.Debug|Any CPU.ActiveCfg = Debug|Any CPU
		{7A6085F2-9327-4C1C-B480-049EEC511011}.Debug|Any CPU.Build.0 = Debug|Any CPU
		{7A6085F2-9327-4C1C-B480-049EEC511011}.Release|Any CPU.ActiveCfg = Release|Any CPU
		{7A6085F2-9327-4C1C-B480-049EEC511011}.Release|Any CPU.Build.0 = Release|Any CPU
	EndGlobalSection
	GlobalSection(SolutionProperties) = preSolution
		HideSolutionNode = FALSE
	EndGlobalSection
	GlobalSection(ExtensibilityGlobals) = postSolution
		SolutionGuid = {8122049A-88F7-416C-ADEA-8C647B3E83BB}
	EndGlobalSection
EndGlobal
